
Microsoft Visual Studio Solution File, Format Version 12.00
# Visual Studio 14
VisualStudioVersion = 14.0.25420.1
MinimumVisualStudioVersion = 10.0.40219.1
Project("{B1E792BE-AA5F-4E3C-8C82-674BF9C0715B}") = "Ex_de_Prog", "Ex_de_Prog\Ex_de_Prog.tsproj", "{6FC86F7E-5057-4B64-9C35-B454039DE676}"
EndProject
Global
	GlobalSection(SolutionConfigurationPlatforms) = preSolution
		Debug|TwinCAT CE7 (ARMV7) = Debug|TwinCAT CE7 (ARMV7)
		Debug|TwinCAT RT (x64) = Debug|TwinCAT RT (x64)
		Debug|TwinCAT RT (x86) = Debug|TwinCAT RT (x86)
		Release|TwinCAT CE7 (ARMV7) = Release|TwinCAT CE7 (ARMV7)
		Release|TwinCAT RT (x64) = Release|TwinCAT RT (x64)
		Release|TwinCAT RT (x86) = Release|TwinCAT RT (x86)
	EndGlobalSection
	GlobalSection(ProjectConfigurationPlatforms) = postSolution
		{6FC86F7E-5057-4B64-9C35-B454039DE676}.Debug|TwinCAT CE7 (ARMV7).ActiveCfg = Debug|TwinCAT CE7 (ARMV7)
		{6FC86F7E-5057-4B64-9C35-B454039DE676}.Debug|TwinCAT CE7 (ARMV7).Build.0 = Debug|TwinCAT CE7 (ARMV7)
		{6FC86F7E-5057-4B64-9C35-B454039DE676}.Debug|TwinCAT RT (x64).ActiveCfg = Debug|TwinCAT RT (x64)
		{6FC86F7E-5057-4B64-9C35-B454039DE676}.Debug|TwinCAT RT (x64).Build.0 = Debug|TwinCAT RT (x64)
		{6FC86F7E-5057-4B64-9C35-B454039DE676}.Debug|TwinCAT RT (x86).ActiveCfg = Debug|TwinCAT RT (x86)
		{6FC86F7E-5057-4B64-9C35-B454039DE676}.Debug|TwinCAT RT (x86).Build.0 = Debug|TwinCAT RT (x86)
		{6FC86F7E-5057-4B64-9C35-B454039DE676}.Release|TwinCAT CE7 (ARMV7).ActiveCfg = Release|TwinCAT CE7 (ARMV7)
		{6FC86F7E-5057-4B64-9C35-B454039DE676}.Release|TwinCAT CE7 (ARMV7).Build.0 = Release|TwinCAT CE7 (ARMV7)
		{6FC86F7E-5057-4B64-9C35-B454039DE676}.Release|TwinCAT RT (x64).ActiveCfg = Release|TwinCAT RT (x64)
		{6FC86F7E-5057-4B64-9C35-B454039DE676}.Release|TwinCAT RT (x64).Build.0 = Release|TwinCAT RT (x64)
		{6FC86F7E-5057-4B64-9C35-B454039DE676}.Release|TwinCAT RT (x86).ActiveCfg = Release|TwinCAT RT (x86)
		{6FC86F7E-5057-4B64-9C35-B454039DE676}.Release|TwinCAT RT (x86).Build.0 = Release|TwinCAT RT (x86)
		{3F8C85E1-7AB5-4F58-A16F-754B154F6A68}.Debug|TwinCAT CE7 (ARMV7).ActiveCfg = Debug|TwinCAT CE7 (ARMV7)
		{3F8C85E1-7AB5-4F58-A16F-754B154F6A68}.Debug|TwinCAT CE7 (ARMV7).Build.0 = Debug|TwinCAT CE7 (ARMV7)
		{3F8C85E1-7AB5-4F58-A16F-754B154F6A68}.Debug|TwinCAT RT (x64).ActiveCfg = Debug|TwinCAT RT (x64)
		{3F8C85E1-7AB5-4F58-A16F-754B154F6A68}.Debug|TwinCAT RT (x64).Build.0 = Debug|TwinCAT RT (x64)
		{3F8C85E1-7AB5-4F58-A16F-754B154F6A68}.Debug|TwinCAT RT (x86).ActiveCfg = Debug|TwinCAT RT (x86)
		{3F8C85E1-7AB5-4F58-A16F-754B154F6A68}.Debug|TwinCAT RT (x86).Build.0 = Debug|TwinCAT RT (x86)
		{3F8C85E1-7AB5-4F58-A16F-754B154F6A68}.Release|TwinCAT CE7 (ARMV7).ActiveCfg = Release|TwinCAT CE7 (ARMV7)
		{3F8C85E1-7AB5-4F58-A16F-754B154F6A68}.Release|TwinCAT CE7 (ARMV7).Build.0 = Release|TwinCAT CE7 (ARMV7)
		{3F8C85E1-7AB5-4F58-A16F-754B154F6A68}.Release|TwinCAT RT (x64).ActiveCfg = Release|TwinCAT RT (x64)
		{3F8C85E1-7AB5-4F58-A16F-754B154F6A68}.Release|TwinCAT RT (x86).ActiveCfg = Release|TwinCAT RT (x86)
		{3F8C85E1-7AB5-4F58-A16F-754B154F6A68}.Release|TwinCAT RT (x86).Build.0 = Release|TwinCAT RT (x86)
		{752FA649-76DF-452D-8454-E0BF6152F917}.Debug|TwinCAT CE7 (ARMV7).ActiveCfg = Debug|TwinCAT CE7 (ARMV7)
		{752FA649-76DF-452D-8454-E0BF6152F917}.Debug|TwinCAT CE7 (ARMV7).Build.0 = Debug|TwinCAT CE7 (ARMV7)
		{752FA649-76DF-452D-8454-E0BF6152F917}.Debug|TwinCAT RT (x64).ActiveCfg = Debug|TwinCAT RT (x64)
		{752FA649-76DF-452D-8454-E0BF6152F917}.Debug|TwinCAT RT (x64).Build.0 = Debug|TwinCAT RT (x64)
		{752FA649-76DF-452D-8454-E0BF6152F917}.Debug|TwinCAT RT (x86).ActiveCfg = Debug|TwinCAT RT (x86)
		{752FA649-76DF-452D-8454-E0BF6152F917}.Debug|TwinCAT RT (x86).Build.0 = Debug|TwinCAT RT (x86)
		{752FA649-76DF-452D-8454-E0BF6152F917}.Release|TwinCAT CE7 (ARMV7).ActiveCfg = Release|TwinCAT CE7 (ARMV7)
		{752FA649-76DF-452D-8454-E0BF6152F917}.Release|TwinCAT CE7 (ARMV7).Build.0 = Release|TwinCAT CE7 (ARMV7)
		{752FA649-76DF-452D-8454-E0BF6152F917}.Release|TwinCAT RT (x64).ActiveCfg = Release|TwinCAT RT (x64)
		{752FA649-76DF-452D-8454-E0BF6152F917}.Release|TwinCAT RT (x86).ActiveCfg = Release|TwinCAT RT (x86)
		{752FA649-76DF-452D-8454-E0BF6152F917}.Release|TwinCAT RT (x86).Build.0 = Release|TwinCAT RT (x86)
		{0312CF3D-D709-46C8-A3A2-4953EB28E261}.Debug|TwinCAT CE7 (ARMV7).ActiveCfg = Debug|TwinCAT CE7 (ARMV7)
		{0312CF3D-D709-46C8-A3A2-4953EB28E261}.Debug|TwinCAT CE7 (ARMV7).Build.0 = Debug|TwinCAT CE7 (ARMV7)
		{0312CF3D-D709-46C8-A3A2-4953EB28E261}.Debug|TwinCAT RT (x64).ActiveCfg = Debug|TwinCAT RT (x64)
		{0312CF3D-D709-46C8-A3A2-4953EB28E261}.Debug|TwinCAT RT (x64).Build.0 = Debug|TwinCAT RT (x64)
		{0312CF3D-D709-46C8-A3A2-4953EB28E261}.Debug|TwinCAT RT (x86).ActiveCfg = Debug|TwinCAT RT (x86)
		{0312CF3D-D709-46C8-A3A2-4953EB28E261}.Debug|TwinCAT RT (x86).Build.0 = Debug|TwinCAT RT (x86)
		{0312CF3D-D709-46C8-A3A2-4953EB28E261}.Release|TwinCAT CE7 (ARMV7).ActiveCfg = Release|TwinCAT CE7 (ARMV7)
		{0312CF3D-D709-46C8-A3A2-4953EB28E261}.Release|TwinCAT CE7 (ARMV7).Build.0 = Release|TwinCAT CE7 (ARMV7)
		{0312CF3D-D709-46C8-A3A2-4953EB28E261}.Release|TwinCAT RT (x64).ActiveCfg = Release|TwinCAT RT (x64)
		{0312CF3D-D709-46C8-A3A2-4953EB28E261}.Release|TwinCAT RT (x86).ActiveCfg = Release|TwinCAT RT (x86)
		{0312CF3D-D709-46C8-A3A2-4953EB28E261}.Release|TwinCAT RT (x86).Build.0 = Release|TwinCAT RT (x86)
		{732F0E61-39E9-4ED5-8141-6ADA36E9D8E4}.Debug|TwinCAT CE7 (ARMV7).ActiveCfg = Debug|TwinCAT CE7 (ARMV7)
		{732F0E61-39E9-4ED5-8141-6ADA36E9D8E4}.Debug|TwinCAT CE7 (ARMV7).Build.0 = Debug|TwinCAT CE7 (ARMV7)
		{732F0E61-39E9-4ED5-8141-6ADA36E9D8E4}.Debug|TwinCAT RT (x64).ActiveCfg = Debug|TwinCAT RT (x64)
		{732F0E61-39E9-4ED5-8141-6ADA36E9D8E4}.Debug|TwinCAT RT (x64).Build.0 = Debug|TwinCAT RT (x64)
		{732F0E61-39E9-4ED5-8141-6ADA36E9D8E4}.Debug|TwinCAT RT (x86).ActiveCfg = Debug|TwinCAT RT (x86)
		{732F0E61-39E9-4ED5-8141-6ADA36E9D8E4}.Debug|TwinCAT RT (x86).Build.0 = Debug|TwinCAT RT (x86)
		{732F0E61-39E9-4ED5-8141-6ADA36E9D8E4}.Release|TwinCAT CE7 (ARMV7).ActiveCfg = Release|TwinCAT CE7 (ARMV7)
		{732F0E61-39E9-4ED5-8141-6ADA36E9D8E4}.Release|TwinCAT CE7 (ARMV7).Build.0 = Release|TwinCAT CE7 (ARMV7)
		{732F0E61-39E9-4ED5-8141-6ADA36E9D8E4}.Release|TwinCAT RT (x64).ActiveCfg = Release|TwinCAT RT (x64)
		{732F0E61-39E9-4ED5-8141-6ADA36E9D8E4}.Release|TwinCAT RT (x86).ActiveCfg = Release|TwinCAT RT (x86)
		{732F0E61-39E9-4ED5-8141-6ADA36E9D8E4}.Release|TwinCAT RT (x86).Build.0 = Release|TwinCAT RT (x86)
		{EAD76788-C1C3-429A-9293-267A11FD1E4C}.Debug|TwinCAT CE7 (ARMV7).ActiveCfg = Debug|TwinCAT CE7 (ARMV7)
		{EAD76788-C1C3-429A-9293-267A11FD1E4C}.Debug|TwinCAT CE7 (ARMV7).Build.0 = Debug|TwinCAT CE7 (ARMV7)
		{EAD76788-C1C3-429A-9293-267A11FD1E4C}.Debug|TwinCAT RT (x64).ActiveCfg = Debug|TwinCAT RT (x64)
		{EAD76788-C1C3-429A-9293-267A11FD1E4C}.Debug|TwinCAT RT (x64).Build.0 = Debug|TwinCAT RT (x64)
		{EAD76788-C1C3-429A-9293-267A11FD1E4C}.Debug|TwinCAT RT (x86).ActiveCfg = Debug|TwinCAT RT (x86)
		{EAD76788-C1C3-429A-9293-267A11FD1E4C}.Debug|TwinCAT RT (x86).Build.0 = Debug|TwinCAT RT (x86)
		{EAD76788-C1C3-429A-9293-267A11FD1E4C}.Release|TwinCAT CE7 (ARMV7).ActiveCfg = Release|TwinCAT CE7 (ARMV7)
		{EAD76788-C1C3-429A-9293-267A11FD1E4C}.Release|TwinCAT CE7 (ARMV7).Build.0 = Release|TwinCAT CE7 (ARMV7)
		{EAD76788-C1C3-429A-9293-267A11FD1E4C}.Release|TwinCAT RT (x64).ActiveCfg = Release|TwinCAT RT (x64)
		{EAD76788-C1C3-429A-9293-267A11FD1E4C}.Release|TwinCAT RT (x86).ActiveCfg = Release|TwinCAT RT (x86)
		{EAD76788-C1C3-429A-9293-267A11FD1E4C}.Release|TwinCAT RT (x86).Build.0 = Release|TwinCAT RT (x86)
		{6CA7F5C2-0E9E-4085-B815-A5E683635463}.Debug|TwinCAT CE7 (ARMV7).ActiveCfg = Debug|TwinCAT CE7 (ARMV7)
		{6CA7F5C2-0E9E-4085-B815-A5E683635463}.Debug|TwinCAT CE7 (ARMV7).Build.0 = Debug|TwinCAT CE7 (ARMV7)
		{6CA7F5C2-0E9E-4085-B815-A5E683635463}.Debug|TwinCAT RT (x64).ActiveCfg = Debug|TwinCAT RT (x64)
		{6CA7F5C2-0E9E-4085-B815-A5E683635463}.Debug|TwinCAT RT (x64).Build.0 = Debug|TwinCAT RT (x64)
		{6CA7F5C2-0E9E-4085-B815-A5E683635463}.Debug|TwinCAT RT (x86).ActiveCfg = Debug|TwinCAT RT (x86)
		{6CA7F5C2-0E9E-4085-B815-A5E683635463}.Debug|TwinCAT RT (x86).Build.0 = Debug|TwinCAT RT (x86)
		{6CA7F5C2-0E9E-4085-B815-A5E683635463}.Release|TwinCAT CE7 (ARMV7).ActiveCfg = Release|TwinCAT CE7 (ARMV7)
		{6CA7F5C2-0E9E-4085-B815-A5E683635463}.Release|TwinCAT CE7 (ARMV7).Build.0 = Release|TwinCAT CE7 (ARMV7)
		{6CA7F5C2-0E9E-4085-B815-A5E683635463}.Release|TwinCAT RT (x64).ActiveCfg = Release|TwinCAT RT (x64)
		{6CA7F5C2-0E9E-4085-B815-A5E683635463}.Release|TwinCAT RT (x64).Build.0 = Release|TwinCAT RT (x64)
		{6CA7F5C2-0E9E-4085-B815-A5E683635463}.Release|TwinCAT RT (x86).ActiveCfg = Release|TwinCAT RT (x86)
		{6CA7F5C2-0E9E-4085-B815-A5E683635463}.Release|TwinCAT RT (x86).Build.0 = Release|TwinCAT RT (x86)
	EndGlobalSection
	GlobalSection(SolutionProperties) = preSolution
		HideSolutionNode = FALSE
	EndGlobalSection
EndGlobal
