
Microsoft Visual Studio Solution File, Format Version 12.00
# Visual Studio 2013
VisualStudioVersion = 12.0.40629.0
MinimumVisualStudioVersion = 10.0.40219.1
Project("{B1E792BE-AA5F-4E3C-8C82-674BF9C0715B}") = "Sequenceur_revisTE", "Sequenceur_revisTE\Sequenceur_revisTE.tsproj", "{D71AF429-AF46-4DBD-8FCC-581249F0BE60}"
EndProject
Global
	GlobalSection(SolutionConfigurationPlatforms) = preSolution
		Debug|TwinCAT CE7 (ARMV7) = Debug|TwinCAT CE7 (ARMV7)
		Debug|TwinCAT RT (x64) = Debug|TwinCAT RT (x64)
		Debug|TwinCAT RT (x86) = Debug|TwinCAT RT (x86)
		Release|TwinCAT CE7 (ARMV7) = Release|TwinCAT CE7 (ARMV7)
		Release|TwinCAT RT (x64) = Release|TwinCAT RT (x64)
		Release|TwinCAT RT (x86) = Release|TwinCAT RT (x86)
	EndGlobalSection
	GlobalSection(ProjectConfigurationPlatforms) = postSolution
		{D71AF429-AF46-4DBD-8FCC-581249F0BE60}.Debug|TwinCAT CE7 (ARMV7).ActiveCfg = Debug|TwinCAT CE7 (ARMV7)
		{D71AF429-AF46-4DBD-8FCC-581249F0BE60}.Debug|TwinCAT CE7 (ARMV7).Build.0 = Debug|TwinCAT CE7 (ARMV7)
		{D71AF429-AF46-4DBD-8FCC-581249F0BE60}.Debug|TwinCAT RT (x64).ActiveCfg = Debug|TwinCAT RT (x64)
		{D71AF429-AF46-4DBD-8FCC-581249F0BE60}.Debug|TwinCAT RT (x64).Build.0 = Debug|TwinCAT RT (x64)
		{D71AF429-AF46-4DBD-8FCC-581249F0BE60}.Debug|TwinCAT RT (x86).ActiveCfg = Debug|TwinCAT RT (x86)
		{D71AF429-AF46-4DBD-8FCC-581249F0BE60}.Debug|TwinCAT RT (x86).Build.0 = Debug|TwinCAT RT (x86)
		{D71AF429-AF46-4DBD-8FCC-581249F0BE60}.Release|TwinCAT CE7 (ARMV7).ActiveCfg = Release|TwinCAT CE7 (ARMV7)
		{D71AF429-AF46-4DBD-8FCC-581249F0BE60}.Release|TwinCAT CE7 (ARMV7).Build.0 = Release|TwinCAT CE7 (ARMV7)
		{D71AF429-AF46-4DBD-8FCC-581249F0BE60}.Release|TwinCAT RT (x64).ActiveCfg = Release|TwinCAT RT (x64)
		{D71AF429-AF46-4DBD-8FCC-581249F0BE60}.Release|TwinCAT RT (x64).Build.0 = Release|TwinCAT RT (x64)
		{D71AF429-AF46-4DBD-8FCC-581249F0BE60}.Release|TwinCAT RT (x86).ActiveCfg = Release|TwinCAT RT (x86)
		{D71AF429-AF46-4DBD-8FCC-581249F0BE60}.Release|TwinCAT RT (x86).Build.0 = Release|TwinCAT RT (x86)
		{39F2BB90-E4CD-45A9-84BC-A7FB7CB7CDA4}.Debug|TwinCAT CE7 (ARMV7).ActiveCfg = Debug|TwinCAT CE7 (ARMV7)
		{39F2BB90-E4CD-45A9-84BC-A7FB7CB7CDA4}.Debug|TwinCAT CE7 (ARMV7).Build.0 = Debug|TwinCAT CE7 (ARMV7)
		{39F2BB90-E4CD-45A9-84BC-A7FB7CB7CDA4}.Debug|TwinCAT RT (x64).ActiveCfg = Debug|TwinCAT RT (x64)
		{39F2BB90-E4CD-45A9-84BC-A7FB7CB7CDA4}.Debug|TwinCAT RT (x64).Build.0 = Debug|TwinCAT RT (x64)
		{39F2BB90-E4CD-45A9-84BC-A7FB7CB7CDA4}.Debug|TwinCAT RT (x86).ActiveCfg = Debug|TwinCAT RT (x86)
		{39F2BB90-E4CD-45A9-84BC-A7FB7CB7CDA4}.Debug|TwinCAT RT (x86).Build.0 = Debug|TwinCAT RT (x86)
		{39F2BB90-E4CD-45A9-84BC-A7FB7CB7CDA4}.Release|TwinCAT CE7 (ARMV7).ActiveCfg = Release|TwinCAT CE7 (ARMV7)
		{39F2BB90-E4CD-45A9-84BC-A7FB7CB7CDA4}.Release|TwinCAT CE7 (ARMV7).Build.0 = Release|TwinCAT CE7 (ARMV7)
		{39F2BB90-E4CD-45A9-84BC-A7FB7CB7CDA4}.Release|TwinCAT RT (x64).ActiveCfg = Release|TwinCAT RT (x64)
		{39F2BB90-E4CD-45A9-84BC-A7FB7CB7CDA4}.Release|TwinCAT RT (x64).Build.0 = Release|TwinCAT RT (x64)
		{39F2BB90-E4CD-45A9-84BC-A7FB7CB7CDA4}.Release|TwinCAT RT (x86).ActiveCfg = Release|TwinCAT RT (x86)
		{39F2BB90-E4CD-45A9-84BC-A7FB7CB7CDA4}.Release|TwinCAT RT (x86).Build.0 = Release|TwinCAT RT (x86)
	EndGlobalSection
	GlobalSection(SolutionProperties) = preSolution
		HideSolutionNode = FALSE
	EndGlobalSection
EndGlobal
